
Microsoft Visual Studio Solution File, Format Version 12.00
# Visual Studio 14
VisualStudioVersion = 14.0.25420.1
MinimumVisualStudioVersion = 10.0.40219.1
Project("{FAE04EC0-301F-11D3-BF4B-00C04F79EFBC}") = "Site Yönetim Sistemi", "Site Yönetim Sistemi\Site Yönetim Sistemi.csproj", "{850AE659-9E25-4048-A85A-F1928A5829E3}"
EndProject
Global
	GlobalSection(SolutionConfigurationPlatforms) = preSolution
		Debug|Any CPU = Debug|Any CPU
		Release|Any CPU = Release|Any CPU
	EndGlobalSection
	GlobalSection(ProjectConfigurationPlatforms) = postSolution
		{850AE659-9E25-4048-A85A-F1928A5829E3}.Debug|Any CPU.ActiveCfg = Debug|Any CPU
		{850AE659-9E25-4048-A85A-F1928A5829E3}.Debug|Any CPU.Build.0 = Debug|Any CPU
		{850AE659-9E25-4048-A85A-F1928A5829E3}.Release|Any CPU.ActiveCfg = Release|Any CPU
		{850AE659-9E25-4048-A85A-F1928A5829E3}.Release|Any CPU.Build.0 = Release|Any CPU
	EndGlobalSection
	GlobalSection(SolutionProperties) = preSolution
		HideSolutionNode = FALSE
	EndGlobalSection
EndGlobal
